{
  "name": "WebsiteRepo",
  "lockfileVersion": 3,
  "requires": true,
  "packages": {
    "": {
      "dependencies": {
        "liquidslider": "git+https://git@github.com/KevinBatdorf/liquidslider.git"
      }
    },
    "node_modules/liquidslider": {
      "version": "2.3.12",
      "resolved": "git+https://git@github.com/KevinBatdorf/liquidslider.git#d70e3946045c82266a30dbfd79d9b77b8da358bc",
      "license": "MIT"
    }
  }
}
